{
  "version": "5",
  "specifiers": {
    "jsr:@std/dotenv@~0.225.7": "0.225.7",
    "jsr:@valibot/valibot@^1.4.1": "1.4.1",
    "npm:neverthrow@^8.2.0": "8.2.0"
  },
  "jsr": {
    "@std/dotenv@0.225.7": {
      "integrity": "11d8db03ca4ad5aba9eba809f2e8058b2a4f320b7b09fea4b360e162928329e3"
    },
    "@valibot/valibot@1.4.1": {
      "integrity": "9be12a3f73f3fd00fa44ae189bc1bb3ab4d9088ec2e32a6ab370ae4fca29ee6e"
    }
  },
  "npm": {
    "@rollup/rollup-linux-x64-gnu@4.50.1": {
      "integrity": "sha512-MCgtFB2+SVNuQmmjHf+wfI4CMxy3Tk8XjA5Z//A0AKD7QXUYFMQcns91K6dEHBvZPCnhJSyDWLApk40Iq/H3tA==",
      "os": ["linux"],
      "cpu": ["x64"]
    },
    "neverthrow@8.2.0": {
      "integrity": "sha512-kOCT/1MCPAxY5iUV3wytNFUMUolzuwd/VF/1KCx7kf6CutrOsTie+84zTGTpgQycjvfLdBBdvBvFLqFD2c0wkQ==",
      "optionalDependencies": [
        "@rollup/rollup-linux-x64-gnu"
      ]
    }
  },
  "workspace": {
    "dependencies": [
      "jsr:@std/dotenv@~0.225.7",
      "jsr:@valibot/valibot@^1.4.1",
      "npm:neverthrow@^8.2.0"
    ]
  }
}
